
Microsoft Visual Studio Solution File, Format Version 12.00
# Visual Studio Version 16
VisualStudioVersion = 16.0.30611.23
MinimumVisualStudioVersion = 10.0.40219.1
Project("{9A19103F-16F7-4668-BE54-9A1E7A4F7556}") = "KampIntro", "KampIntro\KampIntro.csproj", "{CD2B6353-9985-40BC-B497-3E54E93486A2}"
EndProject
Project("{9A19103F-16F7-4668-BE54-9A1E7A4F7556}") = "Donguler", "Donguler\Donguler.csproj", "{9F46AAF4-8B42-446F-B8BA-90D9C712F6C8}"
EndProject
Project("{9A19103F-16F7-4668-BE54-9A1E7A4F7556}") = "ClassIntro", "ClassIntro\ClassIntro.csproj", "{58B96339-C8DE-4B07-AB5E-BA5E4CE2912F}"
EndProject
Project("{9A19103F-16F7-4668-BE54-9A1E7A4F7556}") = "Metodlar", "Metodlar\Metodlar.csproj", "{E04BCF09-4E34-4A65-A690-58C9480B914E}"
EndProject
Project("{9A19103F-16F7-4668-BE54-9A1E7A4F7556}") = "Matematik", "Matematik\Matematik.csproj", "{2FEA9106-236A-4A57-A8EC-BFC04A4BB94B}"
EndProject
Project("{9A19103F-16F7-4668-BE54-9A1E7A4F7556}") = "DegerVeReferansTipler", "DegerVeReferansTipler\DegerVeReferansTipler.csproj", "{A766684B-29A2-4960-B1BC-649E2E1DAD29}"
EndProject
Project("{9A19103F-16F7-4668-BE54-9A1E7A4F7556}") = "OOP1", "OOP1\OOP1.csproj", "{8278AAAB-A455-4B1E-B79B-61CB836F2C5B}"
EndProject
Project("{9A19103F-16F7-4668-BE54-9A1E7A4F7556}") = "Koleksiyonlar", "Koleksiyonlar\Koleksiyonlar.csproj", "{B8242BEC-4EB4-4B35-AF12-30E2B936B9C0}"
EndProject
Project("{9A19103F-16F7-4668-BE54-9A1E7A4F7556}") = "GenericsIntro", "GenericsIntro\GenericsIntro.csproj", "{E7DC1BAC-F571-457F-BE5D-5A52C7032781}"
EndProject
Project("{9A19103F-16F7-4668-BE54-9A1E7A4F7556}") = "Ref_Out", "Ref_Out\Ref_Out.csproj", "{C7C1CD29-726C-4115-A81B-83F91BAE9D96}"
EndProject
Project("{9A19103F-16F7-4668-BE54-9A1E7A4F7556}") = "ClassMetotDemo", "ClassMetotDemo\ClassMetotDemo.csproj", "{2511F6FC-55AC-40E0-A452-20B92F26236D}"
EndProject
Project("{9A19103F-16F7-4668-BE54-9A1E7A4F7556}") = "OOP2", "OOP2\OOP2.csproj", "{6A708D33-6FEC-4B19-9118-DE050293C759}"
EndProject
Project("{9A19103F-16F7-4668-BE54-9A1E7A4F7556}") = "OOP3", "OOP3\OOP3.csproj", "{8F50806A-3768-4719-B104-C9A11B76D430}"
EndProject
Global
	GlobalSection(SolutionConfigurationPlatforms) = preSolution
		Debug|Any CPU = Debug|Any CPU
		Release|Any CPU = Release|Any CPU
	EndGlobalSection
	GlobalSection(ProjectConfigurationPlatforms) = postSolution
		{CD2B6353-9985-40BC-B497-3E54E93486A2}.Debug|Any CPU.ActiveCfg = Debug|Any CPU
		{CD2B6353-9985-40BC-B497-3E54E93486A2}.Debug|Any CPU.Build.0 = Debug|Any CPU
		{CD2B6353-9985-40BC-B497-3E54E93486A2}.Release|Any CPU.ActiveCfg = Release|Any CPU
		{CD2B6353-9985-40BC-B497-3E54E93486A2}.Release|Any CPU.Build.0 = Release|Any CPU
		{9F46AAF4-8B42-446F-B8BA-90D9C712F6C8}.Debug|Any CPU.ActiveCfg = Debug|Any CPU
		{9F46AAF4-8B42-446F-B8BA-90D9C712F6C8}.Debug|Any CPU.Build.0 = Debug|Any CPU
		{9F46AAF4-8B42-446F-B8BA-90D9C712F6C8}.Release|Any CPU.ActiveCfg = Release|Any CPU
		{9F46AAF4-8B42-446F-B8BA-90D9C712F6C8}.Release|Any CPU.Build.0 = Release|Any CPU
		{58B96339-C8DE-4B07-AB5E-BA5E4CE2912F}.Debug|Any CPU.ActiveCfg = Debug|Any CPU
		{58B96339-C8DE-4B07-AB5E-BA5E4CE2912F}.Debug|Any CPU.Build.0 = Debug|Any CPU
		{58B96339-C8DE-4B07-AB5E-BA5E4CE2912F}.Release|Any CPU.ActiveCfg = Release|Any CPU
		{58B96339-C8DE-4B07-AB5E-BA5E4CE2912F}.Release|Any CPU.Build.0 = Release|Any CPU
		{E04BCF09-4E34-4A65-A690-58C9480B914E}.Debug|Any CPU.ActiveCfg = Debug|Any CPU
		{E04BCF09-4E34-4A65-A690-58C9480B914E}.Debug|Any CPU.Build.0 = Debug|Any CPU
		{E04BCF09-4E34-4A65-A690-58C9480B914E}.Release|Any CPU.ActiveCfg = Release|Any CPU
		{E04BCF09-4E34-4A65-A690-58C9480B914E}.Release|Any CPU.Build.0 = Release|Any CPU
		{2FEA9106-236A-4A57-A8EC-BFC04A4BB94B}.Debug|Any CPU.ActiveCfg = Debug|Any CPU
		{2FEA9106-236A-4A57-A8EC-BFC04A4BB94B}.Debug|Any CPU.Build.0 = Debug|Any CPU
		{2FEA9106-236A-4A57-A8EC-BFC04A4BB94B}.Release|Any CPU.ActiveCfg = Release|Any CPU
		{2FEA9106-236A-4A57-A8EC-BFC04A4BB94B}.Release|Any CPU.Build.0 = Release|Any CPU
		{A766684B-29A2-4960-B1BC-649E2E1DAD29}.Debug|Any CPU.ActiveCfg = Debug|Any CPU
		{A766684B-29A2-4960-B1BC-649E2E1DAD29}.Debug|Any CPU.Build.0 = Debug|Any CPU
		{A766684B-29A2-4960-B1BC-649E2E1DAD29}.Release|Any CPU.ActiveCfg = Release|Any CPU
		{A766684B-29A2-4960-B1BC-649E2E1DAD29}.Release|Any CPU.Build.0 = Release|Any CPU
		{8278AAAB-A455-4B1E-B79B-61CB836F2C5B}.Debug|Any CPU.ActiveCfg = Debug|Any CPU
		{8278AAAB-A455-4B1E-B79B-61CB836F2C5B}.Debug|Any CPU.Build.0 = Debug|Any CPU
		{8278AAAB-A455-4B1E-B79B-61CB836F2C5B}.Release|Any CPU.ActiveCfg = Release|Any CPU
		{8278AAAB-A455-4B1E-B79B-61CB836F2C5B}.Release|Any CPU.Build.0 = Release|Any CPU
		{B8242BEC-4EB4-4B35-AF12-30E2B936B9C0}.Debug|Any CPU.ActiveCfg = Debug|Any CPU
		{B8242BEC-4EB4-4B35-AF12-30E2B936B9C0}.Debug|Any CPU.Build.0 = Debug|Any CPU
		{B8242BEC-4EB4-4B35-AF12-30E2B936B9C0}.Release|Any CPU.ActiveCfg = Release|Any CPU
		{B8242BEC-4EB4-4B35-AF12-30E2B936B9C0}.Release|Any CPU.Build.0 = Release|Any CPU
		{E7DC1BAC-F571-457F-BE5D-5A52C7032781}.Debug|Any CPU.ActiveCfg = Debug|Any CPU
		{E7DC1BAC-F571-457F-BE5D-5A52C7032781}.Debug|Any CPU.Build.0 = Debug|Any CPU
		{E7DC1BAC-F571-457F-BE5D-5A52C7032781}.Release|Any CPU.ActiveCfg = Release|Any CPU
		{E7DC1BAC-F571-457F-BE5D-5A52C7032781}.Release|Any CPU.Build.0 = Release|Any CPU
		{C7C1CD29-726C-4115-A81B-83F91BAE9D96}.Debug|Any CPU.ActiveCfg = Debug|Any CPU
		{C7C1CD29-726C-4115-A81B-83F91BAE9D96}.Debug|Any CPU.Build.0 = Debug|Any CPU
		{C7C1CD29-726C-4115-A81B-83F91BAE9D96}.Release|Any CPU.ActiveCfg = Release|Any CPU
		{C7C1CD29-726C-4115-A81B-83F91BAE9D96}.Release|Any CPU.Build.0 = Release|Any CPU
		{2511F6FC-55AC-40E0-A452-20B92F26236D}.Debug|Any CPU.ActiveCfg = Debug|Any CPU
		{2511F6FC-55AC-40E0-A452-20B92F26236D}.Debug|Any CPU.Build.0 = Debug|Any CPU
		{2511F6FC-55AC-40E0-A452-20B92F26236D}.Release|Any CPU.ActiveCfg = Release|Any CPU
		{2511F6FC-55AC-40E0-A452-20B92F26236D}.Release|Any CPU.Build.0 = Release|Any CPU
		{6A708D33-6FEC-4B19-9118-DE050293C759}.Debug|Any CPU.ActiveCfg = Debug|Any CPU
		{6A708D33-6FEC-4B19-9118-DE050293C759}.Debug|Any CPU.Build.0 = Debug|Any CPU
		{6A708D33-6FEC-4B19-9118-DE050293C759}.Release|Any CPU.ActiveCfg = Release|Any CPU
		{6A708D33-6FEC-4B19-9118-DE050293C759}.Release|Any CPU.Build.0 = Release|Any CPU
		{8F50806A-3768-4719-B104-C9A11B76D430}.Debug|Any CPU.ActiveCfg = Debug|Any CPU
		{8F50806A-3768-4719-B104-C9A11B76D430}.Debug|Any CPU.Build.0 = Debug|Any CPU
		{8F50806A-3768-4719-B104-C9A11B76D430}.Release|Any CPU.ActiveCfg = Release|Any CPU
		{8F50806A-3768-4719-B104-C9A11B76D430}.Release|Any CPU.Build.0 = Release|Any CPU
	EndGlobalSection
	GlobalSection(SolutionProperties) = preSolution
		HideSolutionNode = FALSE
	EndGlobalSection
	GlobalSection(ExtensibilityGlobals) = postSolution
		SolutionGuid = {CA138492-66F8-453F-9AB1-66ABDA02AE9F}
	EndGlobalSection
EndGlobal
